{
  "requires": true,
  "lockfileVersion": 1,
  "dependencies": {
    "avocado2d": {
      "version": "1.1.2",
      "resolved": "https://registry.npmjs.org/avocado2d/-/avocado2d-1.1.2.tgz",
      "integrity": "sha512-WkuZukDm7fim9O2uKybAyUAX1j0ZweX87vAW/eGlv+ukF3NiQHkoCNmzCFF+MbAbiocsKnHzCn1n7kvZs1uZ4A=="
    }
  }
}
